// !$*UTF8*$!
{
	archiveVersion = 1;
	classes = {
	};
	objectVersion = 56;
	objects = {

/* Begin PBXBuildFile section */
		96080AEE2995A91700CF8C70 /* LandmarksApp.swift in Sources */ = {isa = PBXBuildFile; fileRef = 96080AED2995A91700CF8C70 /* LandmarksApp.swift */; };
		96080AF02995A91700CF8C70 /* ContentView.swift in Sources */ = {isa = PBXBuildFile; fileRef = 96080AEF2995A91700CF8C70 /* ContentView.swift */; };
		96080AF22995A91800CF8C70 /* Assets.xcassets in Resources */ = {isa = PBXBuildFile; fileRef = 96080AF12995A91800CF8C70 /* Assets.xcassets */; };
		96080AF52995A91800CF8C70 /* Preview Assets.xcassets in Resources */ = {isa = PBXBuildFile; fileRef = 96080AF42995A91800CF8C70 /* Preview Assets.xcassets */; };
		96080AFC2995AA9700CF8C70 /* CircleImage.swift in Sources */ = {isa = PBXBuildFile; fileRef = 96080AFB2995AA9700CF8C70 /* CircleImage.swift */; };
		96080AFE2995AB0700CF8C70 /* MapView.swift in Sources */ = {isa = PBXBuildFile; fileRef = 96080AFD2995AB0700CF8C70 /* MapView.swift */; };
		96080B002995AC7200CF8C70 /* landmarkData.json in Resources */ = {isa = PBXBuildFile; fileRef = 96080AFF2995AC7200CF8C70 /* landmarkData.json */; };
		96080B022995AC8A00CF8C70 /* Landmark.swift in Sources */ = {isa = PBXBuildFile; fileRef = 96080B012995AC8A00CF8C70 /* Landmark.swift */; };
		96080B042995AE2D00CF8C70 /* ModelData.swift in Sources */ = {isa = PBXBuildFile; fileRef = 96080B032995AE2D00CF8C70 /* ModelData.swift */; };
		96080B0A2995B07600CF8C70 /* LandmarkRow.swift in Sources */ = {isa = PBXBuildFile; fileRef = 96080B092995B07600CF8C70 /* LandmarkRow.swift */; };
		96080B0C2995B1E100CF8C70 /* LandmarkList.swift in Sources */ = {isa = PBXBuildFile; fileRef = 96080B0B2995B1E100CF8C70 /* LandmarkList.swift */; };
		96080B0E2995B2FC00CF8C70 /* LandmarkDetail.swift in Sources */ = {isa = PBXBuildFile; fileRef = 96080B0D2995B2FC00CF8C70 /* LandmarkDetail.swift */; };
/* End PBXBuildFile section */

/* Begin PBXFileReference section */
		96080AEA2995A91700CF8C70 /* Landmarks.app */ = {isa = PBXFileReference; explicitFileType = wrapper.application; includeInIndex = 0; path = Landmarks.app; sourceTree = BUILT_PRODUCTS_DIR; };
		96080AED2995A91700CF8C70 /* LandmarksApp.swift */ = {isa = PBXFileReference; lastKnownFileType = sourcecode.swift; path = LandmarksApp.swift; sourceTree = "<group>"; };
		96080AEF2995A91700CF8C70 /* ContentView.swift */ = {isa = PBXFileReference; lastKnownFileType = sourcecode.swift; path = ContentView.swift; sourceTree = "<group>"; };
		96080AF12995A91800CF8C70 /* Assets.xcassets */ = {isa = PBXFileReference; lastKnownFileType = folder.assetcatalog; path = Assets.xcassets; sourceTree = "<group>"; };
		96080AF42995A91800CF8C70 /* Preview Assets.xcassets */ = {isa = PBXFileReference; lastKnownFileType = folder.assetcatalog; path = "Preview Assets.xcassets"; sourceTree = "<group>"; };
		96080AFB2995AA9700CF8C70 /* CircleImage.swift */ = {isa = PBXFileReference; lastKnownFileType = sourcecode.swift; path = CircleImage.swift; sourceTree = "<group>"; };
		96080AFD2995AB0700CF8C70 /* MapView.swift */ = {isa = PBXFileReference; lastKnownFileType = sourcecode.swift; path = MapView.swift; sourceTree = "<group>"; };
		96080AFF2995AC7200CF8C70 /* landmarkData.json */ = {isa = PBXFileReference; fileEncoding = 4; lastKnownFileType = text.json; path = landmarkData.json; sourceTree = "<group>"; };
		96080B012995AC8A00CF8C70 /* Landmark.swift */ = {isa = PBXFileReference; lastKnownFileType = sourcecode.swift; path = Landmark.swift; sourceTree = "<group>"; };
		96080B032995AE2D00CF8C70 /* ModelData.swift */ = {isa = PBXFileReference; lastKnownFileType = sourcecode.swift; path = ModelData.swift; sourceTree = "<group>"; };
		96080B092995B07600CF8C70 /* LandmarkRow.swift */ = {isa = PBXFileReference; lastKnownFileType = sourcecode.swift; path = LandmarkRow.swift; sourceTree = "<group>"; };
		96080B0B2995B1E100CF8C70 /* LandmarkList.swift */ = {isa = PBXFileReference; lastKnownFileType = sourcecode.swift; path = LandmarkList.swift; sourceTree = "<group>"; };
		96080B0D2995B2FC00CF8C70 /* LandmarkDetail.swift */ = {isa = PBXFileReference; lastKnownFileType = sourcecode.swift; path = LandmarkDetail.swift; sourceTree = "<group>"; };
/* End PBXFileReference section */

/* Begin PBXFrameworksBuildPhase section */
		96080AE72995A91700CF8C70 /* Frameworks */ = {
			isa = PBXFrameworksBuildPhase;
			buildActionMask = 2147483647;
			files = (
			);
			runOnlyForDeploymentPostprocessing = 0;
		};
/* End PBXFrameworksBuildPhase section */

/* Begin PBXGroup section */
		96080AE12995A91700CF8C70 = {
			isa = PBXGroup;
			children = (
				96080AEC2995A91700CF8C70 /* Landmarks */,
				96080AEB2995A91700CF8C70 /* Products */,
			);
			sourceTree = "<group>";
		};
		96080AEB2995A91700CF8C70 /* Products */ = {
			isa = PBXGroup;
			children = (
				96080AEA2995A91700CF8C70 /* Landmarks.app */,
			);
			name = Products;
			sourceTree = "<group>";
		};
		96080AEC2995A91700CF8C70 /* Landmarks */ = {
			isa = PBXGroup;
			children = (
				96080AED2995A91700CF8C70 /* LandmarksApp.swift */,
				96080B082995B05500CF8C70 /* Resources */,
				96080B052995AFB300CF8C70 /* Views */,
				96080B072995B04600CF8C70 /* Model */,
				96080AF12995A91800CF8C70 /* Assets.xcassets */,
				96080AF32995A91800CF8C70 /* Preview Content */,
			);
			path = Landmarks;
			sourceTree = "<group>";
		};
		96080AF32995A91800CF8C70 /* Preview Content */ = {
			isa = PBXGroup;
			children = (
				96080AF42995A91800CF8C70 /* Preview Assets.xcassets */,
			);
			path = "Preview Content";
			sourceTree = "<group>";
		};
		96080B052995AFB300CF8C70 /* Views */ = {
			isa = PBXGroup;
			children = (
				96080AFD2995AB0700CF8C70 /* MapView.swift */,
				96080AFB2995AA9700CF8C70 /* CircleImage.swift */,
				96080AEF2995A91700CF8C70 /* ContentView.swift */,
				96080B092995B07600CF8C70 /* LandmarkRow.swift */,
				96080B0B2995B1E100CF8C70 /* LandmarkList.swift */,
				96080B0D2995B2FC00CF8C70 /* LandmarkDetail.swift */,
			);
			path = Views;
			sourceTree = "<group>";
		};
		96080B072995B04600CF8C70 /* Model */ = {
			isa = PBXGroup;
			children = (
				96080B012995AC8A00CF8C70 /* Landmark.swift */,
				96080B032995AE2D00CF8C70 /* ModelData.swift */,
			);
			path = Model;
			sourceTree = "<group>";
		};
		96080B082995B05500CF8C70 /* Resources */ = {
			isa = PBXGroup;
			children = (
				96080AFF2995AC7200CF8C70 /* landmarkData.json */,
			);
			path = Resources;
			sourceTree = "<group>";
		};
/* End PBXGroup section */

/* Begin PBXNativeTarget section */
		96080AE92995A91700CF8C70 /* Landmarks */ = {
			isa = PBXNativeTarget;
			buildConfigurationList = 96080AF82995A91800CF8C70 /* Build configuration list for PBXNativeTarget "Landmarks" */;
			buildPhases = (
				96080AE62995A91700CF8C70 /* Sources */,
				96080AE72995A91700CF8C70 /* Frameworks */,
				96080AE82995A91700CF8C70 /* Resources */,
			);
			buildRules = (
			);
			dependencies = (
			);
			name = Landmarks;
			productName = Landmarks;
			productReference = 96080AEA2995A91700CF8C70 /* Landmarks.app */;
			productType = "com.apple.product-type.application";
		};
/* End PBXNativeTarget section */

/* Begin PBXProject section */
		96080AE22995A91700CF8C70 /* Project object */ = {
			isa = PBXProject;
			attributes = {
				BuildIndependentTargetsInParallel = 1;
				LastSwiftUpdateCheck = 1420;
				LastUpgradeCheck = 1420;
				TargetAttributes = {
					96080AE92995A91700CF8C70 = {
						CreatedOnToolsVersion = 14.2;
					};
				};
			};
			buildConfigurationList = 96080AE52995A91700CF8C70 /* Build configuration list for PBXProject "Landmarks" */;
			compatibilityVersion = "Xcode 14.0";
			developmentRegion = en;
			hasScannedForEncodings = 0;
			knownRegions = (
				en,
				Base,
			);
			mainGroup = 96080AE12995A91700CF8C70;
			productRefGroup = 96080AEB2995A91700CF8C70 /* Products */;
			projectDirPath = "";
			projectRoot = "";
			targets = (
				96080AE92995A91700CF8C70 /* Landmarks */,
			);
		};
/* End PBXProject section */

/* Begin PBXResourcesBuildPhase section */
		96080AE82995A91700CF8C70 /* Resources */ = {
			isa = PBXResourcesBuildPhase;
			buildActionMask = 2147483647;
			files = (
				96080AF52995A91800CF8C70 /* Preview Assets.xcassets in Resources */,
				96080AF22995A91800CF8C70 /* Assets.xcassets in Resources */,
				96080B002995AC7200CF8C70 /* landmarkData.json in Resources */,
			);
			runOnlyForDeploymentPostprocessing = 0;
		};
/* End PBXResourcesBuildPhase section */

/* Begin PBXSourcesBuildPhase section */
		96080AE62995A91700CF8C70 /* Sources */ = {
			isa = PBXSourcesBuildPhase;
			buildActionMask = 2147483647;
			files = (
				96080AF02995A91700CF8C70 /* ContentView.swift in Sources */,
				96080AFE2995AB0700CF8C70 /* MapView.swift in Sources */,
				96080AEE2995A91700CF8C70 /* LandmarksApp.swift in Sources */,
				96080B0C2995B1E100CF8C70 /* LandmarkList.swift in Sources */,
				96080B0E2995B2FC00CF8C70 /* LandmarkDetail.swift in Sources */,
				96080AFC2995AA9700CF8C70 /* CircleImage.swift in Sources */,
				96080B022995AC8A00CF8C70 /* Landmark.swift in Sources */,
				96080B0A2995B07600CF8C70 /* LandmarkRow.swift in Sources */,
				96080B042995AE2D00CF8C70 /* ModelData.swift in Sources */,
			);
			runOnlyForDeploymentPostprocessing = 0;
		};
/* End PBXSourcesBuildPhase section */

/* Begin XCBuildConfiguration section */
		96080AF62995A91800CF8C70 /* Debug */ = {
			isa = XCBuildConfiguration;
			buildSettings = {
				ALWAYS_SEARCH_USER_PATHS = NO;
				CLANG_ANALYZER_NONNULL = YES;
				CLANG_ANALYZER_NUMBER_OBJECT_CONVERSION = YES_AGGRESSIVE;
				CLANG_CXX_LANGUAGE_STANDARD = "gnu++20";
				CLANG_ENABLE_MODULES = YES;
				CLANG_ENABLE_OBJC_ARC = YES;
				CLANG_ENABLE_OBJC_WEAK = YES;
				CLANG_WARN_BLOCK_CAPTURE_AUTORELEASING = YES;
				CLANG_WARN_BOOL_CONVERSION = YES;
				CLANG_WARN_COMMA = YES;
				CLANG_WARN_CONSTANT_CONVERSION = YES;
				CLANG_WARN_DEPRECATED_OBJC_IMPLEMENTATIONS = YES;
				CLANG_WARN_DIRECT_OBJC_ISA_USAGE = YES_ERROR;
				CLANG_WARN_DOCUMENTATION_COMMENTS = YES;
				CLANG_WARN_EMPTY_BODY = YES;
				CLANG_WARN_ENUM_CONVERSION = YES;
				CLANG_WARN_INFINITE_RECURSION = YES;
				CLANG_WARN_INT_CONVERSION = YES;
				CLANG_WARN_NON_LITERAL_NULL_CONVERSION = YES;
				CLANG_WARN_OBJC_IMPLICIT_RETAIN_SELF = YES;
				CLANG_WARN_OBJC_LITERAL_CONVERSION = YES;
				CLANG_WARN_OBJC_ROOT_CLASS = YES_ERROR;
				CLANG_WARN_QUOTED_INCLUDE_IN_FRAMEWORK_HEADER = YES;
				CLANG_WARN_RANGE_LOOP_ANALYSIS = YES;
				CLANG_WARN_STRICT_PROTOTYPES = YES;
				CLANG_WARN_SUSPICIOUS_MOVE = YES;
				CLANG_WARN_UNGUARDED_AVAILABILITY = YES_AGGRESSIVE;
				CLANG_WARN_UNREACHABLE_CODE = YES;
				CLANG_WARN__DUPLICATE_METHOD_MATCH = YES;
				COPY_PHASE_STRIP = NO;
				DEBUG_INFORMATION_FORMAT = dwarf;
				ENABLE_STRICT_OBJC_MSGSEND = YES;
				ENABLE_TESTABILITY = YES;
				GCC_C_LANGUAGE_STANDARD = gnu11;
				GCC_DYNAMIC_NO_PIC = NO;
				GCC_NO_COMMON_BLOCKS = YES;
				GCC_OPTIMIZATION_LEVEL = 0;
				GCC_PREPROCESSOR_DEFINITIONS = (
					"DEBUG=1",
					"$(inherited)",
				);
				GCC_WARN_64_TO_32_BIT_CONVERSION = YES;
				GCC_WARN_ABOUT_RETURN_TYPE = YES_ERROR;
				GCC_WARN_UNDECLARED_SELECTOR = YES;
				GCC_WARN_UNINITIALIZED_AUTOS = YES_AGGRESSIVE;
				GCC_WARN_UNUSED_FUNCTION = YES;
				GCC_WARN_UNUSED_VARIABLE = YES;
				IPHONEOS_DEPLOYMENT_TARGET = 16.2;
				MTL_ENABLE_DEBUG_INFO = INCLUDE_SOURCE;
				MTL_FAST_MATH = YES;
				ONLY_ACTIVE_ARCH = YES;
				SDKROOT = iphoneos;
				SWIFT_ACTIVE_COMPILATION_CONDITIONS = DEBUG;
				SWIFT_OPTIMIZATION_LEVEL = "-Onone";
			};
			name = Debug;
		};
		96080AF72995A91800CF8C70 /* Release */ = {
			isa = XCBuildConfiguration;
			buildSettings = {
				ALWAYS_SEARCH_USER_PATHS = NO;
				CLANG_ANALYZER_NONNULL = YES;
				CLANG_ANALYZER_NUMBER_OBJECT_CONVERSION = YES_AGGRESSIVE;
				CLANG_CXX_LANGUAGE_STANDARD = "gnu++20";
				CLANG_ENABLE_MODULES = YES;
				CLANG_ENABLE_OBJC_ARC = YES;
				CLANG_ENABLE_OBJC_WEAK = YES;
				CLANG_WARN_BLOCK_CAPTURE_AUTORELEASING = YES;
				CLANG_WARN_BOOL_CONVERSION = YES;
				CLANG_WARN_COMMA = YES;
				CLANG_WARN_CONSTANT_CONVERSION = YES;
				CLANG_WARN_DEPRECATED_OBJC_IMPLEMENTATIONS = YES;
				CLANG_WARN_DIRECT_OBJC_ISA_USAGE = YES_ERROR;
				CLANG_WARN_DOCUMENTATION_COMMENTS = YES;
				CLANG_WARN_EMPTY_BODY = YES;
				CLANG_WARN_ENUM_CONVERSION = YES;
				CLANG_WARN_INFINITE_RECURSION = YES;
				CLANG_WARN_INT_CONVERSION = YES;
				CLANG_WARN_NON_LITERAL_NULL_CONVERSION = YES;
				CLANG_WARN_OBJC_IMPLICIT_RETAIN_SELF = YES;
				CLANG_WARN_OBJC_LITERAL_CONVERSION = YES;
				CLANG_WARN_OBJC_ROOT_CLASS = YES_ERROR;
				CLANG_WARN_QUOTED_INCLUDE_IN_FRAMEWORK_HEADER = YES;
				CLANG_WARN_RANGE_LOOP_ANALYSIS = YES;
				CLANG_WARN_STRICT_PROTOTYPES = YES;
				CLANG_WARN_SUSPICIOUS_MOVE = YES;
				CLANG_WARN_UNGUARDED_AVAILABILITY = YES_AGGRESSIVE;
				CLANG_WARN_UNREACHABLE_CODE = YES;
				CLANG_WARN__DUPLICATE_METHOD_MATCH = YES;
				COPY_PHASE_STRIP = NO;
				DEBUG_INFORMATION_FORMAT = "dwarf-with-dsym";
				ENABLE_NS_ASSERTIONS = NO;
				ENABLE_STRICT_OBJC_MSGSEND = YES;
				GCC_C_LANGUAGE_STANDARD = gnu11;
				GCC_NO_COMMON_BLOCKS = YES;
				GCC_WARN_64_TO_32_BIT_CONVERSION = YES;
				GCC_WARN_ABOUT_RETURN_TYPE = YES_ERROR;
				GCC_WARN_UNDECLARED_SELECTOR = YES;
				GCC_WARN_UNINITIALIZED_AUTOS = YES_AGGRESSIVE;
				GCC_WARN_UNUSED_FUNCTION = YES;
				GCC_WARN_UNUSED_VARIABLE = YES;
				IPHONEOS_DEPLOYMENT_TARGET = 16.2;
				MTL_ENABLE_DEBUG_INFO = NO;
				MTL_FAST_MATH = YES;
				SDKROOT = iphoneos;
				SWIFT_COMPILATION_MODE = wholemodule;
				SWIFT_OPTIMIZATION_LEVEL = "-O";
				VALIDATE_PRODUCT = YES;
			};
			name = Release;
		};
		96080AF92995A91800CF8C70 /* Debug */ = {
			isa = XCBuildConfiguration;
			buildSettings = {
				ASSETCATALOG_COMPILER_APPICON_NAME = AppIcon;
				ASSETCATALOG_COMPILER_GLOBAL_ACCENT_COLOR_NAME = AccentColor;
				CODE_SIGN_STYLE = Automatic;
				CURRENT_PROJECT_VERSION = 1;
				DEVELOPMENT_ASSET_PATHS = "\"Landmarks/Preview Content\"";
				ENABLE_PREVIEWS = YES;
				GENERATE_INFOPLIST_FILE = YES;
				INFOPLIST_KEY_UIApplicationSceneManifest_Generation = YES;
				INFOPLIST_KEY_UIApplicationSupportsIndirectInputEvents = YES;
				INFOPLIST_KEY_UILaunchScreen_Generation = YES;
				INFOPLIST_KEY_UISupportedInterfaceOrientations_iPad = "UIInterfaceOrientationPortrait UIInterfaceOrientationPortraitUpsideDown UIInterfaceOrientationLandscapeLeft UIInterfaceOrientationLandscapeRight";
				INFOPLIST_KEY_UISupportedInterfaceOrientations_iPhone = "UIInterfaceOrientationPortrait UIInterfaceOrientationLandscapeLeft UIInterfaceOrientationLandscapeRight";
				LD_RUNPATH_SEARCH_PATHS = (
					"$(inherited)",
					"@executable_path/Frameworks",
				);
				MARKETING_VERSION = 1.0;
				PRODUCT_BUNDLE_IDENTIFIER = tech.sk3p7ic.Landmarks;
				PRODUCT_NAME = "$(TARGET_NAME)";
				SWIFT_EMIT_LOC_STRINGS = YES;
				SWIFT_VERSION = 5.0;
				TARGETED_DEVICE_FAMILY = "1,2";
			};
			name = Debug;
		};
		96080AFA2995A91800CF8C70 /* Release */ = {
			isa = XCBuildConfiguration;
			buildSettings = {
				ASSETCATALOG_COMPILER_APPICON_NAME = AppIcon;
				ASSETCATALOG_COMPILER_GLOBAL_ACCENT_COLOR_NAME = AccentColor;
				CODE_SIGN_STYLE = Automatic;
				CURRENT_PROJECT_VERSION = 1;
				DEVELOPMENT_ASSET_PATHS = "\"Landmarks/Preview Content\"";
				ENABLE_PREVIEWS = YES;
				GENERATE_INFOPLIST_FILE = YES;
				INFOPLIST_KEY_UIApplicationSceneManifest_Generation = YES;
				INFOPLIST_KEY_UIApplicationSupportsIndirectInputEvents = YES;
				INFOPLIST_KEY_UILaunchScreen_Generation = YES;
				INFOPLIST_KEY_UISupportedInterfaceOrientations_iPad = "UIInterfaceOrientationPortrait UIInterfaceOrientationPortraitUpsideDown UIInterfaceOrientationLandscapeLeft UIInterfaceOrientationLandscapeRight";
				INFOPLIST_KEY_UISupportedInterfaceOrientations_iPhone = "UIInterfaceOrientationPortrait UIInterfaceOrientationLandscapeLeft UIInterfaceOrientationLandscapeRight";
				LD_RUNPATH_SEARCH_PATHS = (
					"$(inherited)",
					"@executable_path/Frameworks",
				);
				MARKETING_VERSION = 1.0;
				PRODUCT_BUNDLE_IDENTIFIER = tech.sk3p7ic.Landmarks;
				PRODUCT_NAME = "$(TARGET_NAME)";
				SWIFT_EMIT_LOC_STRINGS = YES;
				SWIFT_VERSION = 5.0;
				TARGETED_DEVICE_FAMILY = "1,2";
			};
			name = Release;
		};
/* End XCBuildConfiguration section */

/* Begin XCConfigurationList section */
		96080AE52995A91700CF8C70 /* Build configuration list for PBXProject "Landmarks" */ = {
			isa = XCConfigurationList;
			buildConfigurations = (
				96080AF62995A91800CF8C70 /* Debug */,
				96080AF72995A91800CF8C70 /* Release */,
			);
			defaultConfigurationIsVisible = 0;
			defaultConfigurationName = Release;
		};
		96080AF82995A91800CF8C70 /* Build configuration list for PBXNativeTarget "Landmarks" */ = {
			isa = XCConfigurationList;
			buildConfigurations = (
				96080AF92995A91800CF8C70 /* Debug */,
				96080AFA2995A91800CF8C70 /* Release */,
			);
			defaultConfigurationIsVisible = 0;
			defaultConfigurationName = Release;
		};
/* End XCConfigurationList section */
	};
	rootObject = 96080AE22995A91700CF8C70 /* Project object */;
}
